{
  "version": 1,
  "dependencies": {
    "net10.0": {
      "Amazon.Lambda.APIGatewayEvents": {
        "type": "Direct",
        "requested": "[3.0.1, )",
        "resolved": "3.0.1",
        "contentHash": "+gTGEtrcoCBRtCgcqEl3AlFrYrQY4pFreL22KkmpvXaNX1Lwlrbgk/crEcfuD3Q0wO2AspsJ3xMMj7pJxDYTKA=="
      },
      "Amazon.Lambda.Core": {
        "type": "Direct",
        "requested": "[3.3.0, )",
        "resolved": "3.3.0",
        "contentHash": "CZKlX8ZDMi6aKPo5lPAjmsJFDXNJHX00aiiYeRQOEszP8cjx6qklBvTPj4qpr4dlp3YYQjmB87CqAiWV7vk2fA=="
      },
      "Amazon.Lambda.Serialization.SystemTextJson": {
        "type": "Direct",
        "requested": "[3.0.1, )",
        "resolved": "3.0.1",
        "contentHash": "QsHygaMyxQdgh5NPs5GGyBjK6mqQr5nv8rpqlrWC5+e1k7sVx+2xwDHv493S5IMw461S/PyHfjkUDjIQU5ArSA==",
        "dependencies": {
          "Amazon.Lambda.Core": "3.3.0"
        }
      },
      "Fantomas.Core": {
        "type": "Direct",
        "requested": "[6.3.16, )",
        "resolved": "6.3.16",
        "contentHash": "t4x1Y5CKzFe8gXGe8QzrJKsmJszX8E5/o+LTUNCqoA7WX6hUyX69PxL1rGBM1sndEP5ThOVa5f5E6CFR7+Ce+w==",
        "dependencies": {
          "FSharp.Core": "6.0.1",
          "Fantomas.FCS": "6.3.16"
        }
      },
      "FSharp.Core": {
        "type": "Direct",
        "requested": "[10.1.401, )",
        "resolved": "10.1.401",
        "contentHash": "/lvOK51KD8IangBYkfDVna3/HrE/r4VUnX3dI01KDspctoYXmind3POeoYkqWKeXHwiKlf6Hc9TxwSnoSCWcjw=="
      },
      "G-Research.FSharp.Analyzers": {
        "type": "Direct",
        "requested": "[0.25.0, )",
        "resolved": "0.25.0",
        "contentHash": "P+u0uXq1PRVD1Wto9j0JrZHJ8JmmSwJM6ogq6mqX849JRrqcsWmgFR3+oRSy4EmrYwtMfCSgp6D+LWe6yAtvSg=="
      },
      "Ionide.Analyzers": {
        "type": "Direct",
        "requested": "[0.19.0, )",
        "resolved": "0.19.0",
        "contentHash": "FBp/etThPSWhbvlM8wLxWtGYWgZ768yYjhwW83y18xZI9VBniG6kFVy4TEleyDkB7QnqfUgVepbT6ryHHFnZEA=="
      },
      "Microsoft.Net.Http.Headers": {
        "type": "Direct",
        "requested": "[10.0.12, )",
        "resolved": "10.0.12",
        "contentHash": "7YfRtZxxv9vFyycxPQPJArcXvBvojzWpJmrnFnuepdrUVE5bYGSAUN1YDaa4VsIYgqMRLGAvAoklnoSVQQnwnw==",
        "dependencies": {
          "Microsoft.Extensions.Primitives": "10.0.12"
        }
      },
      "Suave": {
        "type": "Direct",
        "requested": "[3.5.0, )",
        "resolved": "3.5.0",
        "contentHash": "mHVPnpaId4UD2/x1yfytp1wbZ49m491WMmnj5fiKjEVrNYLxmI76ZaWAmTWrWJpRyH1s1m5ZiyFPpYSoPyVoZA==",
        "dependencies": {
          "FSharp.Core": "10.0.102"
        }
      },
      "Thoth.Json.System.Text.Json": {
        "type": "Direct",
        "requested": "[0.4.0, )",
        "resolved": "0.4.0",
        "contentHash": "HTnGXeo2Q9E4lBO5yeEZMrL86lfqe6Nk6kezKc9Nw//bfPc612qnrxPAwDM6ZAdTBR0/xsuP/P0mB1isi66kEA==",
        "dependencies": {
          "FSharp.Core": "10.1.203",
          "Thoth.Json.Core": "0.9.1"
        }
      },
      "Fantomas.FCS": {
        "type": "Transitive",
        "resolved": "6.3.16",
        "contentHash": "rKkiQsqtGZTqxTg4YwXvRWJJ56GTQ//8ceSggMDeBrqgKSuDndZefp3+bLKqSPzMj2++ZW9XGWgoJkYbGIYe+Q==",
        "dependencies": {
          "FSharp.Core": "6.0.1"
        }
      },
      "Microsoft.Extensions.Primitives": {
        "type": "Transitive",
        "resolved": "10.0.12",
        "contentHash": "dYfCLR52UA+3DL7C4I/pvSaRPkNqxrUAQmbFL2u0zvYKKzqgrFCJl08Df+F1aYc8leu9JvpC9bsURUdpExcBXQ=="
      },
      "Thoth.Json.Core": {
        "type": "Transitive",
        "resolved": "0.9.1",
        "contentHash": "SutN30fiRfeKyGv9TEaze9L5/4ikkiqz37tlM8DyS3qhyB/7UgXeKV6D1boMKNh4phSvL031mQipSU+C27Vx0A==",
        "dependencies": {
          "FSharp.Core": "10.1.203"
        }
      }
    }
  }
}