{
  "version": 1,
  "dependencies": {
    "net10.0": {
      "Amazon.Lambda.APIGatewayEvents": {
        "type": "Direct",
        "requested": "[3.0.1, )",
        "resolved": "3.0.1",
        "contentHash": "+gTGEtrcoCBRtCgcqEl3AlFrYrQY4pFreL22KkmpvXaNX1Lwlrbgk/crEcfuD3Q0wO2AspsJ3xMMj7pJxDYTKA=="
      },
      "Amazon.Lambda.Core": {
        "type": "Direct",
        "requested": "[3.3.0, )",
        "resolved": "3.3.0",
        "contentHash": "CZKlX8ZDMi6aKPo5lPAjmsJFDXNJHX00aiiYeRQOEszP8cjx6qklBvTPj4qpr4dlp3YYQjmB87CqAiWV7vk2fA=="
      },
      "Amazon.Lambda.Serialization.SystemTextJson": {
        "type": "Direct",
        "requested": "[3.0.1, )",
        "resolved": "3.0.1",
        "contentHash": "QsHygaMyxQdgh5NPs5GGyBjK6mqQr5nv8rpqlrWC5+e1k7sVx+2xwDHv493S5IMw461S/PyHfjkUDjIQU5ArSA==",
        "dependencies": {
          "Amazon.Lambda.Core": "3.3.0"
        }
      },
      "Fantomas.Core": {
        "type": "Direct",
        "requested": "[6.3.16, )",
        "resolved": "6.3.16",
        "contentHash": "t4x1Y5CKzFe8gXGe8QzrJKsmJszX8E5/o+LTUNCqoA7WX6hUyX69PxL1rGBM1sndEP5ThOVa5f5E6CFR7+Ce+w==",
        "dependencies": {
          "FSharp.Core": "6.0.1",
          "Fantomas.FCS": "6.3.16"
        }
      },
      "FSharp.Core": {
        "type": "Direct",
        "requested": "[10.1.400, )",
        "resolved": "10.1.400",
        "contentHash": "C8Myl8/HMoTWw0K/xJ+Q6JHlS5fUw2VTI91a3v3eVs0FVkVb5XIevzH7S2AmvIoD7s186uNyeRTGbrpef9gZyQ=="
      },
      "Microsoft.Net.Http.Headers": {
        "type": "Direct",
        "requested": "[10.0.11, )",
        "resolved": "10.0.11",
        "contentHash": "k1F3ueFIHU8V9rd9qzCJoeZGhuErKauOdymjyZh3ECxnssa503bHtNfM5LmHHhrBGPqFq4HDq5rEElfDzFNsEA==",
        "dependencies": {
          "Microsoft.Extensions.Primitives": "10.0.11"
        }
      },
      "Suave": {
        "type": "Direct",
        "requested": "[3.4.5, )",
        "resolved": "3.4.5",
        "contentHash": "nAmftaHg67n5FV8f/3NeIPr/W9VPkeJ2NHtH8S3G93xx1dNEoZ8xRc4fTo9CabNIcZtsNX6zdTbeo+AWzJzXZg==",
        "dependencies": {
          "FSharp.Core": "10.0.102"
        }
      },
      "Thoth.Json.Net": {
        "type": "Direct",
        "requested": "[12.0.0, )",
        "resolved": "12.0.0",
        "contentHash": "n2YyONYdWCFS4Pu7wrqgV/l5tPuN+t3gxEfs/2RwqCiQkRnbgKs9dK61zHeZS5YganAoFbxLSwbaNL7SvSrS9g==",
        "dependencies": {
          "FSharp.Core": "4.7.2",
          "Fable.Core": "3.1.6",
          "Newtonsoft.Json": "13.0.1"
        }
      },
      "Fable.Core": {
        "type": "Transitive",
        "resolved": "3.1.6",
        "contentHash": "w6M1F0zoLk4kTFc1Lx6x1Ft6BD3QwRe0eaLiinAqbjVkcF+iK+NiXGJO+a6q9RAF9NCg0vI48Xku7aNeqG4JVw==",
        "dependencies": {
          "FSharp.Core": "4.7.1"
        }
      },
      "Fantomas.FCS": {
        "type": "Transitive",
        "resolved": "6.3.16",
        "contentHash": "rKkiQsqtGZTqxTg4YwXvRWJJ56GTQ//8ceSggMDeBrqgKSuDndZefp3+bLKqSPzMj2++ZW9XGWgoJkYbGIYe+Q==",
        "dependencies": {
          "FSharp.Core": "6.0.1"
        }
      },
      "Microsoft.Extensions.Primitives": {
        "type": "Transitive",
        "resolved": "10.0.11",
        "contentHash": "SXcz+kF+4Oo9b1+55zntpJFYfwb1jw66ioxptyNOOTDc8g2FHnBFWjZpsWfCvZIhzr0x+4e2trVTs4OKwQfBtw=="
      },
      "Newtonsoft.Json": {
        "type": "Transitive",
        "resolved": "13.0.1",
        "contentHash": "ppPFpBcvxdsfUonNcvITKqLl3bqxWbDCZIzDWHzjpdAHRFfZe0Dw9HmA0+za13IdyrgJwpkDTDA9fHaxOrt20A=="
      }
    }
  }
}