{
  "version": 1,
  "dependencies": {
    "net10.0": {
      "Amazon.Lambda.APIGatewayEvents": {
        "type": "Direct",
        "requested": "[3.0.1, )",
        "resolved": "3.0.1",
        "contentHash": "+gTGEtrcoCBRtCgcqEl3AlFrYrQY4pFreL22KkmpvXaNX1Lwlrbgk/crEcfuD3Q0wO2AspsJ3xMMj7pJxDYTKA=="
      },
      "Amazon.Lambda.Core": {
        "type": "Direct",
        "requested": "[3.3.0, )",
        "resolved": "3.3.0",
        "contentHash": "CZKlX8ZDMi6aKPo5lPAjmsJFDXNJHX00aiiYeRQOEszP8cjx6qklBvTPj4qpr4dlp3YYQjmB87CqAiWV7vk2fA=="
      },
      "Amazon.Lambda.Serialization.SystemTextJson": {
        "type": "Direct",
        "requested": "[3.0.1, )",
        "resolved": "3.0.1",
        "contentHash": "QsHygaMyxQdgh5NPs5GGyBjK6mqQr5nv8rpqlrWC5+e1k7sVx+2xwDHv493S5IMw461S/PyHfjkUDjIQU5ArSA==",
        "dependencies": {
          "Amazon.Lambda.Core": "3.3.0"
        }
      },
      "Fantomas.Core": {
        "type": "Direct",
        "requested": "[8.0.0, )",
        "resolved": "8.0.0",
        "contentHash": "hAStn3pDchQBmLokRUlirF6o9UOSH34bAOXY1KtNfH/qjBUvJLBJa5AVOfmSHht/GaKkrK8clQqgg70RriX25A==",
        "dependencies": {
          "FSharp.Core": "10.0.100",
          "Fantomas.FCS": "8.0.0"
        }
      },
      "FSharp.Core": {
        "type": "Direct",
        "requested": "[10.1.203, )",
        "resolved": "10.1.203",
        "contentHash": "I2MFk72yHqfgI594gKFigq8PVIso0Mh1ZUgG9R4n8gyYQ4IwpBxmvecfjnKA7iMLdVHYULB70PsLwYW/K76gew=="
      },
      "G-Research.FSharp.Analyzers": {
        "type": "Direct",
        "requested": "[0.25.0, )",
        "resolved": "0.25.0",
        "contentHash": "P+u0uXq1PRVD1Wto9j0JrZHJ8JmmSwJM6ogq6mqX849JRrqcsWmgFR3+oRSy4EmrYwtMfCSgp6D+LWe6yAtvSg=="
      },
      "Ionide.Analyzers": {
        "type": "Direct",
        "requested": "[0.19.0, )",
        "resolved": "0.19.0",
        "contentHash": "FBp/etThPSWhbvlM8wLxWtGYWgZ768yYjhwW83y18xZI9VBniG6kFVy4TEleyDkB7QnqfUgVepbT6ryHHFnZEA=="
      },
      "Microsoft.Net.Http.Headers": {
        "type": "Direct",
        "requested": "[10.0.11, )",
        "resolved": "10.0.11",
        "contentHash": "k1F3ueFIHU8V9rd9qzCJoeZGhuErKauOdymjyZh3ECxnssa503bHtNfM5LmHHhrBGPqFq4HDq5rEElfDzFNsEA==",
        "dependencies": {
          "Microsoft.Extensions.Primitives": "10.0.11"
        }
      },
      "Suave": {
        "type": "Direct",
        "requested": "[3.5.0, )",
        "resolved": "3.5.0",
        "contentHash": "mHVPnpaId4UD2/x1yfytp1wbZ49m491WMmnj5fiKjEVrNYLxmI76ZaWAmTWrWJpRyH1s1m5ZiyFPpYSoPyVoZA==",
        "dependencies": {
          "FSharp.Core": "10.0.102"
        }
      },
      "Thoth.Json.System.Text.Json": {
        "type": "Direct",
        "requested": "[0.4.0, )",
        "resolved": "0.4.0",
        "contentHash": "HTnGXeo2Q9E4lBO5yeEZMrL86lfqe6Nk6kezKc9Nw//bfPc612qnrxPAwDM6ZAdTBR0/xsuP/P0mB1isi66kEA==",
        "dependencies": {
          "FSharp.Core": "10.1.203",
          "Thoth.Json.Core": "0.9.1"
        }
      },
      "Fantomas.FCS": {
        "type": "Transitive",
        "resolved": "8.0.0",
        "contentHash": "IhWN7Ji89hyXSGZmb2pEbdgJ86CuajayaTuaqfyK4exnIZ3TlcX5m0Ssp7A+DQDOdoWLh60oaFWYmai83fcjCA==",
        "dependencies": {
          "FSharp.Core": "10.0.100"
        }
      },
      "Microsoft.Extensions.Primitives": {
        "type": "Transitive",
        "resolved": "10.0.11",
        "contentHash": "SXcz+kF+4Oo9b1+55zntpJFYfwb1jw66ioxptyNOOTDc8g2FHnBFWjZpsWfCvZIhzr0x+4e2trVTs4OKwQfBtw=="
      },
      "Thoth.Json.Core": {
        "type": "Transitive",
        "resolved": "0.9.1",
        "contentHash": "SutN30fiRfeKyGv9TEaze9L5/4ikkiqz37tlM8DyS3qhyB/7UgXeKV6D1boMKNh4phSvL031mQipSU+C27Vx0A==",
        "dependencies": {
          "FSharp.Core": "10.1.203"
        }
      }
    }
  }
}