
Microsoft Visual Studio Solution File, Format Version 12.00
# Visual Studio 15
VisualStudioVersion = 15.0.26124.0
MinimumVisualStudioVersion = 15.0.26124.0
Project("{F2A71F9B-5D33-465A-A702-920D77279786}") = "infrastructure", "infrastructure\infrastructure.fsproj", "{85E210D4-84F0-4158-94EA-20A2A8A95A0F}"
EndProject
Project("{2150E333-8FDC-42A3-9474-1A3956D46DE8}") = "src", "src", "{936EDA2F-5FBF-4E0B-9B33-121EC0FF7F83}"
EndProject
Project("{2150E333-8FDC-42A3-9474-1A3956D46DE8}") = "server", "server", "{74A7F40B-83EB-443C-9981-72A9911C3284}"
EndProject
Project("{F2A71F9B-5D33-465A-A702-920D77279786}") = "TriviaViewer", "src\server\TriviaViewer\TriviaViewer.fsproj", "{DA26941E-9241-4C71-91B7-52EC5861EF84}"
EndProject
Project("{F2A71F9B-5D33-465A-A702-920D77279786}") = "ASTViewer", "src\server\ASTViewer\ASTViewer.fsproj", "{4B29AC97-3A9B-4268-8DD5-BE9044B6B621}"
EndProject
Project("{F2A71F9B-5D33-465A-A702-920D77279786}") = "FantomasOnlineV3", "src\server\FantomasOnlineV3\FantomasOnlineV3.fsproj", "{880C0F13-695A-4EBD-B060-DE6084D7DB5A}"
EndProject
Project("{F2A71F9B-5D33-465A-A702-920D77279786}") = "FantomasOnlinePreview", "src\server\FantomasOnlinePreview\FantomasOnlinePreview.fsproj", "{5D394D9E-CBEF-40CD-9EBD-ECC624A68665}"
EndProject
Project("{F2A71F9B-5D33-465A-A702-920D77279786}") = "FantomasOnlineV2", "src\server\FantomasOnlineV2\FantomasOnlineV2.fsproj", "{B678BAE9-81B7-4ED5-B263-C376A233600D}"
EndProject
Project("{F2A71F9B-5D33-465A-A702-920D77279786}") = "FantomasOnlineV4", "src\server\FantomasOnlineV4\FantomasOnlineV4.fsproj", "{691DC36D-C0CC-481B-AA25-4E7C6C35E73D}"
EndProject
Project("{2150E333-8FDC-42A3-9474-1A3956D46DE8}") = ".deps", ".deps", "{9F0DEF2C-4315-4E09-AE92-A5A422C24709}"
EndProject
Project("{2150E333-8FDC-42A3-9474-1A3956D46DE8}") = "fantomas", "fantomas", "{4415A24E-F22B-4276-AC0F-801E2EE6B7A8}"
EndProject
Project("{2150E333-8FDC-42A3-9474-1A3956D46DE8}") = "src", "src", "{1D9A7E4A-5ADE-4A76-844F-50007C587B8F}"
EndProject
Project("{F2A71F9B-5D33-465A-A702-920D77279786}") = "Fantomas.Core", ".deps\fantomas\src\Fantomas.Core\Fantomas.Core.fsproj", "{45F46678-A763-464C-921A-73E8828C4F57}"
EndProject
Project("{2150E333-8FDC-42A3-9474-1A3956D46DE8}") = "client", "client", "{8ECEF1D2-E22F-4992-9933-37D1C9DDC386}"
EndProject
Project("{F2A71F9B-5D33-465A-A702-920D77279786}") = "FantomasTools", "src\client\fsharp\FantomasTools.fsproj", "{C5015E3B-DEB3-4C65-B515-77956CCA3114}"
EndProject
Project("{F2A71F9B-5D33-465A-A702-920D77279786}") = "Fantomas.FCS", ".deps\fantomas\src\Fantomas.FCS\Fantomas.FCS.fsproj", "{3C0C407C-BE25-4AD3-AB43-787AB113D1EE}"
EndProject
Global
	GlobalSection(SolutionConfigurationPlatforms) = preSolution
		Debug|Any CPU = Debug|Any CPU
		Debug|x64 = Debug|x64
		Debug|x86 = Debug|x86
		Release|Any CPU = Release|Any CPU
		Release|x64 = Release|x64
		Release|x86 = Release|x86
	EndGlobalSection
	GlobalSection(SolutionProperties) = preSolution
		HideSolutionNode = FALSE
	EndGlobalSection
	GlobalSection(ProjectConfigurationPlatforms) = postSolution
		{85E210D4-84F0-4158-94EA-20A2A8A95A0F}.Debug|Any CPU.ActiveCfg = Debug|Any CPU
		{85E210D4-84F0-4158-94EA-20A2A8A95A0F}.Debug|Any CPU.Build.0 = Debug|Any CPU
		{85E210D4-84F0-4158-94EA-20A2A8A95A0F}.Debug|x64.ActiveCfg = Debug|Any CPU
		{85E210D4-84F0-4158-94EA-20A2A8A95A0F}.Debug|x64.Build.0 = Debug|Any CPU
		{85E210D4-84F0-4158-94EA-20A2A8A95A0F}.Debug|x86.ActiveCfg = Debug|Any CPU
		{85E210D4-84F0-4158-94EA-20A2A8A95A0F}.Debug|x86.Build.0 = Debug|Any CPU
		{85E210D4-84F0-4158-94EA-20A2A8A95A0F}.Release|Any CPU.ActiveCfg = Release|Any CPU
		{85E210D4-84F0-4158-94EA-20A2A8A95A0F}.Release|Any CPU.Build.0 = Release|Any CPU
		{85E210D4-84F0-4158-94EA-20A2A8A95A0F}.Release|x64.ActiveCfg = Release|Any CPU
		{85E210D4-84F0-4158-94EA-20A2A8A95A0F}.Release|x64.Build.0 = Release|Any CPU
		{85E210D4-84F0-4158-94EA-20A2A8A95A0F}.Release|x86.ActiveCfg = Release|Any CPU
		{85E210D4-84F0-4158-94EA-20A2A8A95A0F}.Release|x86.Build.0 = Release|Any CPU
		{DA26941E-9241-4C71-91B7-52EC5861EF84}.Debug|Any CPU.ActiveCfg = Debug|Any CPU
		{DA26941E-9241-4C71-91B7-52EC5861EF84}.Debug|Any CPU.Build.0 = Debug|Any CPU
		{DA26941E-9241-4C71-91B7-52EC5861EF84}.Debug|x64.ActiveCfg = Debug|Any CPU
		{DA26941E-9241-4C71-91B7-52EC5861EF84}.Debug|x64.Build.0 = Debug|Any CPU
		{DA26941E-9241-4C71-91B7-52EC5861EF84}.Debug|x86.ActiveCfg = Debug|Any CPU
		{DA26941E-9241-4C71-91B7-52EC5861EF84}.Debug|x86.Build.0 = Debug|Any CPU
		{DA26941E-9241-4C71-91B7-52EC5861EF84}.Release|Any CPU.ActiveCfg = Release|Any CPU
		{DA26941E-9241-4C71-91B7-52EC5861EF84}.Release|Any CPU.Build.0 = Release|Any CPU
		{DA26941E-9241-4C71-91B7-52EC5861EF84}.Release|x64.ActiveCfg = Release|Any CPU
		{DA26941E-9241-4C71-91B7-52EC5861EF84}.Release|x64.Build.0 = Release|Any CPU
		{DA26941E-9241-4C71-91B7-52EC5861EF84}.Release|x86.ActiveCfg = Release|Any CPU
		{DA26941E-9241-4C71-91B7-52EC5861EF84}.Release|x86.Build.0 = Release|Any CPU
		{4B29AC97-3A9B-4268-8DD5-BE9044B6B621}.Debug|Any CPU.ActiveCfg = Debug|Any CPU
		{4B29AC97-3A9B-4268-8DD5-BE9044B6B621}.Debug|Any CPU.Build.0 = Debug|Any CPU
		{4B29AC97-3A9B-4268-8DD5-BE9044B6B621}.Debug|x64.ActiveCfg = Debug|Any CPU
		{4B29AC97-3A9B-4268-8DD5-BE9044B6B621}.Debug|x64.Build.0 = Debug|Any CPU
		{4B29AC97-3A9B-4268-8DD5-BE9044B6B621}.Debug|x86.ActiveCfg = Debug|Any CPU
		{4B29AC97-3A9B-4268-8DD5-BE9044B6B621}.Debug|x86.Build.0 = Debug|Any CPU
		{4B29AC97-3A9B-4268-8DD5-BE9044B6B621}.Release|Any CPU.ActiveCfg = Release|Any CPU
		{4B29AC97-3A9B-4268-8DD5-BE9044B6B621}.Release|Any CPU.Build.0 = Release|Any CPU
		{4B29AC97-3A9B-4268-8DD5-BE9044B6B621}.Release|x64.ActiveCfg = Release|Any CPU
		{4B29AC97-3A9B-4268-8DD5-BE9044B6B621}.Release|x64.Build.0 = Release|Any CPU
		{4B29AC97-3A9B-4268-8DD5-BE9044B6B621}.Release|x86.ActiveCfg = Release|Any CPU
		{4B29AC97-3A9B-4268-8DD5-BE9044B6B621}.Release|x86.Build.0 = Release|Any CPU
		{880C0F13-695A-4EBD-B060-DE6084D7DB5A}.Debug|Any CPU.ActiveCfg = Debug|Any CPU
		{880C0F13-695A-4EBD-B060-DE6084D7DB5A}.Debug|Any CPU.Build.0 = Debug|Any CPU
		{880C0F13-695A-4EBD-B060-DE6084D7DB5A}.Debug|x64.ActiveCfg = Debug|Any CPU
		{880C0F13-695A-4EBD-B060-DE6084D7DB5A}.Debug|x64.Build.0 = Debug|Any CPU
		{880C0F13-695A-4EBD-B060-DE6084D7DB5A}.Debug|x86.ActiveCfg = Debug|Any CPU
		{880C0F13-695A-4EBD-B060-DE6084D7DB5A}.Debug|x86.Build.0 = Debug|Any CPU
		{880C0F13-695A-4EBD-B060-DE6084D7DB5A}.Release|Any CPU.ActiveCfg = Release|Any CPU
		{880C0F13-695A-4EBD-B060-DE6084D7DB5A}.Release|Any CPU.Build.0 = Release|Any CPU
		{880C0F13-695A-4EBD-B060-DE6084D7DB5A}.Release|x64.ActiveCfg = Release|Any CPU
		{880C0F13-695A-4EBD-B060-DE6084D7DB5A}.Release|x64.Build.0 = Release|Any CPU
		{880C0F13-695A-4EBD-B060-DE6084D7DB5A}.Release|x86.ActiveCfg = Release|Any CPU
		{880C0F13-695A-4EBD-B060-DE6084D7DB5A}.Release|x86.Build.0 = Release|Any CPU
		{5D394D9E-CBEF-40CD-9EBD-ECC624A68665}.Debug|Any CPU.ActiveCfg = Debug|Any CPU
		{5D394D9E-CBEF-40CD-9EBD-ECC624A68665}.Debug|Any CPU.Build.0 = Debug|Any CPU
		{5D394D9E-CBEF-40CD-9EBD-ECC624A68665}.Debug|x64.ActiveCfg = Debug|Any CPU
		{5D394D9E-CBEF-40CD-9EBD-ECC624A68665}.Debug|x64.Build.0 = Debug|Any CPU
		{5D394D9E-CBEF-40CD-9EBD-ECC624A68665}.Debug|x86.ActiveCfg = Debug|Any CPU
		{5D394D9E-CBEF-40CD-9EBD-ECC624A68665}.Debug|x86.Build.0 = Debug|Any CPU
		{5D394D9E-CBEF-40CD-9EBD-ECC624A68665}.Release|Any CPU.ActiveCfg = Release|Any CPU
		{5D394D9E-CBEF-40CD-9EBD-ECC624A68665}.Release|Any CPU.Build.0 = Release|Any CPU
		{5D394D9E-CBEF-40CD-9EBD-ECC624A68665}.Release|x64.ActiveCfg = Release|Any CPU
		{5D394D9E-CBEF-40CD-9EBD-ECC624A68665}.Release|x64.Build.0 = Release|Any CPU
		{5D394D9E-CBEF-40CD-9EBD-ECC624A68665}.Release|x86.ActiveCfg = Release|Any CPU
		{5D394D9E-CBEF-40CD-9EBD-ECC624A68665}.Release|x86.Build.0 = Release|Any CPU
		{B678BAE9-81B7-4ED5-B263-C376A233600D}.Debug|Any CPU.ActiveCfg = Debug|Any CPU
		{B678BAE9-81B7-4ED5-B263-C376A233600D}.Debug|Any CPU.Build.0 = Debug|Any CPU
		{B678BAE9-81B7-4ED5-B263-C376A233600D}.Debug|x64.ActiveCfg = Debug|Any CPU
		{B678BAE9-81B7-4ED5-B263-C376A233600D}.Debug|x64.Build.0 = Debug|Any CPU
		{B678BAE9-81B7-4ED5-B263-C376A233600D}.Debug|x86.ActiveCfg = Debug|Any CPU
		{B678BAE9-81B7-4ED5-B263-C376A233600D}.Debug|x86.Build.0 = Debug|Any CPU
		{B678BAE9-81B7-4ED5-B263-C376A233600D}.Release|Any CPU.ActiveCfg = Release|Any CPU
		{B678BAE9-81B7-4ED5-B263-C376A233600D}.Release|Any CPU.Build.0 = Release|Any CPU
		{B678BAE9-81B7-4ED5-B263-C376A233600D}.Release|x64.ActiveCfg = Release|Any CPU
		{B678BAE9-81B7-4ED5-B263-C376A233600D}.Release|x64.Build.0 = Release|Any CPU
		{B678BAE9-81B7-4ED5-B263-C376A233600D}.Release|x86.ActiveCfg = Release|Any CPU
		{B678BAE9-81B7-4ED5-B263-C376A233600D}.Release|x86.Build.0 = Release|Any CPU
		{691DC36D-C0CC-481B-AA25-4E7C6C35E73D}.Debug|Any CPU.ActiveCfg = Debug|Any CPU
		{691DC36D-C0CC-481B-AA25-4E7C6C35E73D}.Debug|Any CPU.Build.0 = Debug|Any CPU
		{691DC36D-C0CC-481B-AA25-4E7C6C35E73D}.Debug|x64.ActiveCfg = Debug|Any CPU
		{691DC36D-C0CC-481B-AA25-4E7C6C35E73D}.Debug|x64.Build.0 = Debug|Any CPU
		{691DC36D-C0CC-481B-AA25-4E7C6C35E73D}.Debug|x86.ActiveCfg = Debug|Any CPU
		{691DC36D-C0CC-481B-AA25-4E7C6C35E73D}.Debug|x86.Build.0 = Debug|Any CPU
		{691DC36D-C0CC-481B-AA25-4E7C6C35E73D}.Release|Any CPU.ActiveCfg = Release|Any CPU
		{691DC36D-C0CC-481B-AA25-4E7C6C35E73D}.Release|Any CPU.Build.0 = Release|Any CPU
		{691DC36D-C0CC-481B-AA25-4E7C6C35E73D}.Release|x64.ActiveCfg = Release|Any CPU
		{691DC36D-C0CC-481B-AA25-4E7C6C35E73D}.Release|x64.Build.0 = Release|Any CPU
		{691DC36D-C0CC-481B-AA25-4E7C6C35E73D}.Release|x86.ActiveCfg = Release|Any CPU
		{691DC36D-C0CC-481B-AA25-4E7C6C35E73D}.Release|x86.Build.0 = Release|Any CPU
		{45F46678-A763-464C-921A-73E8828C4F57}.Debug|Any CPU.ActiveCfg = Debug|Any CPU
		{45F46678-A763-464C-921A-73E8828C4F57}.Debug|Any CPU.Build.0 = Debug|Any CPU
		{45F46678-A763-464C-921A-73E8828C4F57}.Debug|x64.ActiveCfg = Debug|Any CPU
		{45F46678-A763-464C-921A-73E8828C4F57}.Debug|x64.Build.0 = Debug|Any CPU
		{45F46678-A763-464C-921A-73E8828C4F57}.Debug|x86.ActiveCfg = Debug|Any CPU
		{45F46678-A763-464C-921A-73E8828C4F57}.Debug|x86.Build.0 = Debug|Any CPU
		{45F46678-A763-464C-921A-73E8828C4F57}.Release|Any CPU.ActiveCfg = Release|Any CPU
		{45F46678-A763-464C-921A-73E8828C4F57}.Release|Any CPU.Build.0 = Release|Any CPU
		{45F46678-A763-464C-921A-73E8828C4F57}.Release|x64.ActiveCfg = Release|Any CPU
		{45F46678-A763-464C-921A-73E8828C4F57}.Release|x64.Build.0 = Release|Any CPU
		{45F46678-A763-464C-921A-73E8828C4F57}.Release|x86.ActiveCfg = Release|Any CPU
		{45F46678-A763-464C-921A-73E8828C4F57}.Release|x86.Build.0 = Release|Any CPU
		{C5015E3B-DEB3-4C65-B515-77956CCA3114}.Debug|Any CPU.ActiveCfg = Debug|Any CPU
		{C5015E3B-DEB3-4C65-B515-77956CCA3114}.Debug|Any CPU.Build.0 = Debug|Any CPU
		{C5015E3B-DEB3-4C65-B515-77956CCA3114}.Debug|x64.ActiveCfg = Debug|Any CPU
		{C5015E3B-DEB3-4C65-B515-77956CCA3114}.Debug|x64.Build.0 = Debug|Any CPU
		{C5015E3B-DEB3-4C65-B515-77956CCA3114}.Debug|x86.ActiveCfg = Debug|Any CPU
		{C5015E3B-DEB3-4C65-B515-77956CCA3114}.Debug|x86.Build.0 = Debug|Any CPU
		{C5015E3B-DEB3-4C65-B515-77956CCA3114}.Release|Any CPU.ActiveCfg = Release|Any CPU
		{C5015E3B-DEB3-4C65-B515-77956CCA3114}.Release|Any CPU.Build.0 = Release|Any CPU
		{C5015E3B-DEB3-4C65-B515-77956CCA3114}.Release|x64.ActiveCfg = Release|Any CPU
		{C5015E3B-DEB3-4C65-B515-77956CCA3114}.Release|x64.Build.0 = Release|Any CPU
		{C5015E3B-DEB3-4C65-B515-77956CCA3114}.Release|x86.ActiveCfg = Release|Any CPU
		{C5015E3B-DEB3-4C65-B515-77956CCA3114}.Release|x86.Build.0 = Release|Any CPU
		{3C0C407C-BE25-4AD3-AB43-787AB113D1EE}.Debug|Any CPU.ActiveCfg = Debug|Any CPU
		{3C0C407C-BE25-4AD3-AB43-787AB113D1EE}.Debug|Any CPU.Build.0 = Debug|Any CPU
		{3C0C407C-BE25-4AD3-AB43-787AB113D1EE}.Debug|x64.ActiveCfg = Debug|Any CPU
		{3C0C407C-BE25-4AD3-AB43-787AB113D1EE}.Debug|x64.Build.0 = Debug|Any CPU
		{3C0C407C-BE25-4AD3-AB43-787AB113D1EE}.Debug|x86.ActiveCfg = Debug|Any CPU
		{3C0C407C-BE25-4AD3-AB43-787AB113D1EE}.Debug|x86.Build.0 = Debug|Any CPU
		{3C0C407C-BE25-4AD3-AB43-787AB113D1EE}.Release|Any CPU.ActiveCfg = Release|Any CPU
		{3C0C407C-BE25-4AD3-AB43-787AB113D1EE}.Release|Any CPU.Build.0 = Release|Any CPU
		{3C0C407C-BE25-4AD3-AB43-787AB113D1EE}.Release|x64.ActiveCfg = Release|Any CPU
		{3C0C407C-BE25-4AD3-AB43-787AB113D1EE}.Release|x64.Build.0 = Release|Any CPU
		{3C0C407C-BE25-4AD3-AB43-787AB113D1EE}.Release|x86.ActiveCfg = Release|Any CPU
		{3C0C407C-BE25-4AD3-AB43-787AB113D1EE}.Release|x86.Build.0 = Release|Any CPU
	EndGlobalSection
	GlobalSection(NestedProjects) = preSolution
		{74A7F40B-83EB-443C-9981-72A9911C3284} = {936EDA2F-5FBF-4E0B-9B33-121EC0FF7F83}
		{DA26941E-9241-4C71-91B7-52EC5861EF84} = {74A7F40B-83EB-443C-9981-72A9911C3284}
		{4B29AC97-3A9B-4268-8DD5-BE9044B6B621} = {74A7F40B-83EB-443C-9981-72A9911C3284}
		{880C0F13-695A-4EBD-B060-DE6084D7DB5A} = {74A7F40B-83EB-443C-9981-72A9911C3284}
		{5D394D9E-CBEF-40CD-9EBD-ECC624A68665} = {74A7F40B-83EB-443C-9981-72A9911C3284}
		{B678BAE9-81B7-4ED5-B263-C376A233600D} = {74A7F40B-83EB-443C-9981-72A9911C3284}
		{691DC36D-C0CC-481B-AA25-4E7C6C35E73D} = {74A7F40B-83EB-443C-9981-72A9911C3284}
		{4415A24E-F22B-4276-AC0F-801E2EE6B7A8} = {9F0DEF2C-4315-4E09-AE92-A5A422C24709}
		{1D9A7E4A-5ADE-4A76-844F-50007C587B8F} = {4415A24E-F22B-4276-AC0F-801E2EE6B7A8}
		{45F46678-A763-464C-921A-73E8828C4F57} = {1D9A7E4A-5ADE-4A76-844F-50007C587B8F}
		{8ECEF1D2-E22F-4992-9933-37D1C9DDC386} = {936EDA2F-5FBF-4E0B-9B33-121EC0FF7F83}
		{C5015E3B-DEB3-4C65-B515-77956CCA3114} = {8ECEF1D2-E22F-4992-9933-37D1C9DDC386}
		{3C0C407C-BE25-4AD3-AB43-787AB113D1EE} = {1D9A7E4A-5ADE-4A76-844F-50007C587B8F}
	EndGlobalSection
EndGlobal
