
Microsoft Visual Studio Solution File, Format Version 12.00
# Visual Studio 15
VisualStudioVersion = 15.0.26124.0
MinimumVisualStudioVersion = 15.0.26124.0
Project("{F2A71F9B-5D33-465A-A702-920D77279786}") = "infrastructure", "infrastructure\infrastructure.fsproj", "{85E210D4-84F0-4158-94EA-20A2A8A95A0F}"
EndProject
Project("{2150E333-8FDC-42A3-9474-1A3956D46DE8}") = "src", "src", "{936EDA2F-5FBF-4E0B-9B33-121EC0FF7F83}"
EndProject
Project("{2150E333-8FDC-42A3-9474-1A3956D46DE8}") = "client", "client", "{868126FD-EDF5-44BC-98BE-3CD532C26E5A}"
EndProject
Project("{F2A71F9B-5D33-465A-A702-920D77279786}") = "FantomasTools", "src\client\FantomasTools\FantomasTools.fsproj", "{9B7C3CC9-00A7-43EB-8B5E-7134AFE7DC88}"
EndProject
Project("{2150E333-8FDC-42A3-9474-1A3956D46DE8}") = "server", "server", "{74A7F40B-83EB-443C-9981-72A9911C3284}"
EndProject
Project("{F2A71F9B-5D33-465A-A702-920D77279786}") = "TriviaViewer", "src\server\TriviaViewer\TriviaViewer.fsproj", "{DA26941E-9241-4C71-91B7-52EC5861EF84}"
EndProject
Project("{F2A71F9B-5D33-465A-A702-920D77279786}") = "FSharpTokens", "src\server\FSharpTokens\FSharpTokens.fsproj", "{17E85796-B1B6-4A0D-B02B-8CBE3A265C54}"
EndProject
Project("{F2A71F9B-5D33-465A-A702-920D77279786}") = "ASTViewer", "src\server\ASTViewer\ASTViewer.fsproj", "{4B29AC97-3A9B-4268-8DD5-BE9044B6B621}"
EndProject
Project("{F2A71F9B-5D33-465A-A702-920D77279786}") = "FantomasOnlineLatest", "src\server\FantomasOnlineLatest\FantomasOnlineLatest.fsproj", "{880C0F13-695A-4EBD-B060-DE6084D7DB5A}"
EndProject
Project("{F2A71F9B-5D33-465A-A702-920D77279786}") = "FantomasOnlinePreview", "src\server\FantomasOnlinePreview\FantomasOnlinePreview.fsproj", "{5D394D9E-CBEF-40CD-9EBD-ECC624A68665}"
EndProject
Project("{F2A71F9B-5D33-465A-A702-920D77279786}") = "FantomasOnlinePrevious", "src\server\FantomasOnlinePrevious\FantomasOnlinePrevious.fsproj", "{B678BAE9-81B7-4ED5-B263-C376A233600D}"
EndProject
Project("{F2A71F9B-5D33-465A-A702-920D77279786}") = "FantomasOnline.Shared", "src\server\FantomasOnline.Shared\FantomasOnline.Shared.fsproj", "{68CBF7CD-1219-4D63-B2B7-7E115DDD2562}"
EndProject
Global
	GlobalSection(SolutionConfigurationPlatforms) = preSolution
		Debug|Any CPU = Debug|Any CPU
		Debug|x64 = Debug|x64
		Debug|x86 = Debug|x86
		Release|Any CPU = Release|Any CPU
		Release|x64 = Release|x64
		Release|x86 = Release|x86
	EndGlobalSection
	GlobalSection(SolutionProperties) = preSolution
		HideSolutionNode = FALSE
	EndGlobalSection
	GlobalSection(ProjectConfigurationPlatforms) = postSolution
		{85E210D4-84F0-4158-94EA-20A2A8A95A0F}.Debug|Any CPU.ActiveCfg = Debug|Any CPU
		{85E210D4-84F0-4158-94EA-20A2A8A95A0F}.Debug|Any CPU.Build.0 = Debug|Any CPU
		{85E210D4-84F0-4158-94EA-20A2A8A95A0F}.Debug|x64.ActiveCfg = Debug|Any CPU
		{85E210D4-84F0-4158-94EA-20A2A8A95A0F}.Debug|x64.Build.0 = Debug|Any CPU
		{85E210D4-84F0-4158-94EA-20A2A8A95A0F}.Debug|x86.ActiveCfg = Debug|Any CPU
		{85E210D4-84F0-4158-94EA-20A2A8A95A0F}.Debug|x86.Build.0 = Debug|Any CPU
		{85E210D4-84F0-4158-94EA-20A2A8A95A0F}.Release|Any CPU.ActiveCfg = Release|Any CPU
		{85E210D4-84F0-4158-94EA-20A2A8A95A0F}.Release|Any CPU.Build.0 = Release|Any CPU
		{85E210D4-84F0-4158-94EA-20A2A8A95A0F}.Release|x64.ActiveCfg = Release|Any CPU
		{85E210D4-84F0-4158-94EA-20A2A8A95A0F}.Release|x64.Build.0 = Release|Any CPU
		{85E210D4-84F0-4158-94EA-20A2A8A95A0F}.Release|x86.ActiveCfg = Release|Any CPU
		{85E210D4-84F0-4158-94EA-20A2A8A95A0F}.Release|x86.Build.0 = Release|Any CPU
		{9B7C3CC9-00A7-43EB-8B5E-7134AFE7DC88}.Debug|Any CPU.ActiveCfg = Debug|Any CPU
		{9B7C3CC9-00A7-43EB-8B5E-7134AFE7DC88}.Debug|Any CPU.Build.0 = Debug|Any CPU
		{9B7C3CC9-00A7-43EB-8B5E-7134AFE7DC88}.Debug|x64.ActiveCfg = Debug|Any CPU
		{9B7C3CC9-00A7-43EB-8B5E-7134AFE7DC88}.Debug|x64.Build.0 = Debug|Any CPU
		{9B7C3CC9-00A7-43EB-8B5E-7134AFE7DC88}.Debug|x86.ActiveCfg = Debug|Any CPU
		{9B7C3CC9-00A7-43EB-8B5E-7134AFE7DC88}.Debug|x86.Build.0 = Debug|Any CPU
		{9B7C3CC9-00A7-43EB-8B5E-7134AFE7DC88}.Release|Any CPU.ActiveCfg = Release|Any CPU
		{9B7C3CC9-00A7-43EB-8B5E-7134AFE7DC88}.Release|Any CPU.Build.0 = Release|Any CPU
		{9B7C3CC9-00A7-43EB-8B5E-7134AFE7DC88}.Release|x64.ActiveCfg = Release|Any CPU
		{9B7C3CC9-00A7-43EB-8B5E-7134AFE7DC88}.Release|x64.Build.0 = Release|Any CPU
		{9B7C3CC9-00A7-43EB-8B5E-7134AFE7DC88}.Release|x86.ActiveCfg = Release|Any CPU
		{9B7C3CC9-00A7-43EB-8B5E-7134AFE7DC88}.Release|x86.Build.0 = Release|Any CPU
		{DA26941E-9241-4C71-91B7-52EC5861EF84}.Debug|Any CPU.ActiveCfg = Debug|Any CPU
		{DA26941E-9241-4C71-91B7-52EC5861EF84}.Debug|Any CPU.Build.0 = Debug|Any CPU
		{DA26941E-9241-4C71-91B7-52EC5861EF84}.Debug|x64.ActiveCfg = Debug|Any CPU
		{DA26941E-9241-4C71-91B7-52EC5861EF84}.Debug|x64.Build.0 = Debug|Any CPU
		{DA26941E-9241-4C71-91B7-52EC5861EF84}.Debug|x86.ActiveCfg = Debug|Any CPU
		{DA26941E-9241-4C71-91B7-52EC5861EF84}.Debug|x86.Build.0 = Debug|Any CPU
		{DA26941E-9241-4C71-91B7-52EC5861EF84}.Release|Any CPU.ActiveCfg = Release|Any CPU
		{DA26941E-9241-4C71-91B7-52EC5861EF84}.Release|Any CPU.Build.0 = Release|Any CPU
		{DA26941E-9241-4C71-91B7-52EC5861EF84}.Release|x64.ActiveCfg = Release|Any CPU
		{DA26941E-9241-4C71-91B7-52EC5861EF84}.Release|x64.Build.0 = Release|Any CPU
		{DA26941E-9241-4C71-91B7-52EC5861EF84}.Release|x86.ActiveCfg = Release|Any CPU
		{DA26941E-9241-4C71-91B7-52EC5861EF84}.Release|x86.Build.0 = Release|Any CPU
		{17E85796-B1B6-4A0D-B02B-8CBE3A265C54}.Debug|Any CPU.ActiveCfg = Debug|Any CPU
		{17E85796-B1B6-4A0D-B02B-8CBE3A265C54}.Debug|Any CPU.Build.0 = Debug|Any CPU
		{17E85796-B1B6-4A0D-B02B-8CBE3A265C54}.Debug|x64.ActiveCfg = Debug|Any CPU
		{17E85796-B1B6-4A0D-B02B-8CBE3A265C54}.Debug|x64.Build.0 = Debug|Any CPU
		{17E85796-B1B6-4A0D-B02B-8CBE3A265C54}.Debug|x86.ActiveCfg = Debug|Any CPU
		{17E85796-B1B6-4A0D-B02B-8CBE3A265C54}.Debug|x86.Build.0 = Debug|Any CPU
		{17E85796-B1B6-4A0D-B02B-8CBE3A265C54}.Release|Any CPU.ActiveCfg = Release|Any CPU
		{17E85796-B1B6-4A0D-B02B-8CBE3A265C54}.Release|Any CPU.Build.0 = Release|Any CPU
		{17E85796-B1B6-4A0D-B02B-8CBE3A265C54}.Release|x64.ActiveCfg = Release|Any CPU
		{17E85796-B1B6-4A0D-B02B-8CBE3A265C54}.Release|x64.Build.0 = Release|Any CPU
		{17E85796-B1B6-4A0D-B02B-8CBE3A265C54}.Release|x86.ActiveCfg = Release|Any CPU
		{17E85796-B1B6-4A0D-B02B-8CBE3A265C54}.Release|x86.Build.0 = Release|Any CPU
		{4B29AC97-3A9B-4268-8DD5-BE9044B6B621}.Debug|Any CPU.ActiveCfg = Debug|Any CPU
		{4B29AC97-3A9B-4268-8DD5-BE9044B6B621}.Debug|Any CPU.Build.0 = Debug|Any CPU
		{4B29AC97-3A9B-4268-8DD5-BE9044B6B621}.Debug|x64.ActiveCfg = Debug|Any CPU
		{4B29AC97-3A9B-4268-8DD5-BE9044B6B621}.Debug|x64.Build.0 = Debug|Any CPU
		{4B29AC97-3A9B-4268-8DD5-BE9044B6B621}.Debug|x86.ActiveCfg = Debug|Any CPU
		{4B29AC97-3A9B-4268-8DD5-BE9044B6B621}.Debug|x86.Build.0 = Debug|Any CPU
		{4B29AC97-3A9B-4268-8DD5-BE9044B6B621}.Release|Any CPU.ActiveCfg = Release|Any CPU
		{4B29AC97-3A9B-4268-8DD5-BE9044B6B621}.Release|Any CPU.Build.0 = Release|Any CPU
		{4B29AC97-3A9B-4268-8DD5-BE9044B6B621}.Release|x64.ActiveCfg = Release|Any CPU
		{4B29AC97-3A9B-4268-8DD5-BE9044B6B621}.Release|x64.Build.0 = Release|Any CPU
		{4B29AC97-3A9B-4268-8DD5-BE9044B6B621}.Release|x86.ActiveCfg = Release|Any CPU
		{4B29AC97-3A9B-4268-8DD5-BE9044B6B621}.Release|x86.Build.0 = Release|Any CPU
		{880C0F13-695A-4EBD-B060-DE6084D7DB5A}.Debug|Any CPU.ActiveCfg = Debug|Any CPU
		{880C0F13-695A-4EBD-B060-DE6084D7DB5A}.Debug|Any CPU.Build.0 = Debug|Any CPU
		{880C0F13-695A-4EBD-B060-DE6084D7DB5A}.Debug|x64.ActiveCfg = Debug|Any CPU
		{880C0F13-695A-4EBD-B060-DE6084D7DB5A}.Debug|x64.Build.0 = Debug|Any CPU
		{880C0F13-695A-4EBD-B060-DE6084D7DB5A}.Debug|x86.ActiveCfg = Debug|Any CPU
		{880C0F13-695A-4EBD-B060-DE6084D7DB5A}.Debug|x86.Build.0 = Debug|Any CPU
		{880C0F13-695A-4EBD-B060-DE6084D7DB5A}.Release|Any CPU.ActiveCfg = Release|Any CPU
		{880C0F13-695A-4EBD-B060-DE6084D7DB5A}.Release|Any CPU.Build.0 = Release|Any CPU
		{880C0F13-695A-4EBD-B060-DE6084D7DB5A}.Release|x64.ActiveCfg = Release|Any CPU
		{880C0F13-695A-4EBD-B060-DE6084D7DB5A}.Release|x64.Build.0 = Release|Any CPU
		{880C0F13-695A-4EBD-B060-DE6084D7DB5A}.Release|x86.ActiveCfg = Release|Any CPU
		{880C0F13-695A-4EBD-B060-DE6084D7DB5A}.Release|x86.Build.0 = Release|Any CPU
		{5D394D9E-CBEF-40CD-9EBD-ECC624A68665}.Debug|Any CPU.ActiveCfg = Debug|Any CPU
		{5D394D9E-CBEF-40CD-9EBD-ECC624A68665}.Debug|Any CPU.Build.0 = Debug|Any CPU
		{5D394D9E-CBEF-40CD-9EBD-ECC624A68665}.Debug|x64.ActiveCfg = Debug|Any CPU
		{5D394D9E-CBEF-40CD-9EBD-ECC624A68665}.Debug|x64.Build.0 = Debug|Any CPU
		{5D394D9E-CBEF-40CD-9EBD-ECC624A68665}.Debug|x86.ActiveCfg = Debug|Any CPU
		{5D394D9E-CBEF-40CD-9EBD-ECC624A68665}.Debug|x86.Build.0 = Debug|Any CPU
		{5D394D9E-CBEF-40CD-9EBD-ECC624A68665}.Release|Any CPU.ActiveCfg = Release|Any CPU
		{5D394D9E-CBEF-40CD-9EBD-ECC624A68665}.Release|Any CPU.Build.0 = Release|Any CPU
		{5D394D9E-CBEF-40CD-9EBD-ECC624A68665}.Release|x64.ActiveCfg = Release|Any CPU
		{5D394D9E-CBEF-40CD-9EBD-ECC624A68665}.Release|x64.Build.0 = Release|Any CPU
		{5D394D9E-CBEF-40CD-9EBD-ECC624A68665}.Release|x86.ActiveCfg = Release|Any CPU
		{5D394D9E-CBEF-40CD-9EBD-ECC624A68665}.Release|x86.Build.0 = Release|Any CPU
		{B678BAE9-81B7-4ED5-B263-C376A233600D}.Debug|Any CPU.ActiveCfg = Debug|Any CPU
		{B678BAE9-81B7-4ED5-B263-C376A233600D}.Debug|Any CPU.Build.0 = Debug|Any CPU
		{B678BAE9-81B7-4ED5-B263-C376A233600D}.Debug|x64.ActiveCfg = Debug|Any CPU
		{B678BAE9-81B7-4ED5-B263-C376A233600D}.Debug|x64.Build.0 = Debug|Any CPU
		{B678BAE9-81B7-4ED5-B263-C376A233600D}.Debug|x86.ActiveCfg = Debug|Any CPU
		{B678BAE9-81B7-4ED5-B263-C376A233600D}.Debug|x86.Build.0 = Debug|Any CPU
		{B678BAE9-81B7-4ED5-B263-C376A233600D}.Release|Any CPU.ActiveCfg = Release|Any CPU
		{B678BAE9-81B7-4ED5-B263-C376A233600D}.Release|Any CPU.Build.0 = Release|Any CPU
		{B678BAE9-81B7-4ED5-B263-C376A233600D}.Release|x64.ActiveCfg = Release|Any CPU
		{B678BAE9-81B7-4ED5-B263-C376A233600D}.Release|x64.Build.0 = Release|Any CPU
		{B678BAE9-81B7-4ED5-B263-C376A233600D}.Release|x86.ActiveCfg = Release|Any CPU
		{B678BAE9-81B7-4ED5-B263-C376A233600D}.Release|x86.Build.0 = Release|Any CPU
		{68CBF7CD-1219-4D63-B2B7-7E115DDD2562}.Debug|Any CPU.ActiveCfg = Debug|Any CPU
		{68CBF7CD-1219-4D63-B2B7-7E115DDD2562}.Debug|Any CPU.Build.0 = Debug|Any CPU
		{68CBF7CD-1219-4D63-B2B7-7E115DDD2562}.Debug|x64.ActiveCfg = Debug|Any CPU
		{68CBF7CD-1219-4D63-B2B7-7E115DDD2562}.Debug|x64.Build.0 = Debug|Any CPU
		{68CBF7CD-1219-4D63-B2B7-7E115DDD2562}.Debug|x86.ActiveCfg = Debug|Any CPU
		{68CBF7CD-1219-4D63-B2B7-7E115DDD2562}.Debug|x86.Build.0 = Debug|Any CPU
		{68CBF7CD-1219-4D63-B2B7-7E115DDD2562}.Release|Any CPU.ActiveCfg = Release|Any CPU
		{68CBF7CD-1219-4D63-B2B7-7E115DDD2562}.Release|Any CPU.Build.0 = Release|Any CPU
		{68CBF7CD-1219-4D63-B2B7-7E115DDD2562}.Release|x64.ActiveCfg = Release|Any CPU
		{68CBF7CD-1219-4D63-B2B7-7E115DDD2562}.Release|x64.Build.0 = Release|Any CPU
		{68CBF7CD-1219-4D63-B2B7-7E115DDD2562}.Release|x86.ActiveCfg = Release|Any CPU
		{68CBF7CD-1219-4D63-B2B7-7E115DDD2562}.Release|x86.Build.0 = Release|Any CPU
	EndGlobalSection
	GlobalSection(NestedProjects) = preSolution
		{868126FD-EDF5-44BC-98BE-3CD532C26E5A} = {936EDA2F-5FBF-4E0B-9B33-121EC0FF7F83}
		{9B7C3CC9-00A7-43EB-8B5E-7134AFE7DC88} = {868126FD-EDF5-44BC-98BE-3CD532C26E5A}
		{74A7F40B-83EB-443C-9981-72A9911C3284} = {936EDA2F-5FBF-4E0B-9B33-121EC0FF7F83}
		{DA26941E-9241-4C71-91B7-52EC5861EF84} = {74A7F40B-83EB-443C-9981-72A9911C3284}
		{17E85796-B1B6-4A0D-B02B-8CBE3A265C54} = {74A7F40B-83EB-443C-9981-72A9911C3284}
		{4B29AC97-3A9B-4268-8DD5-BE9044B6B621} = {74A7F40B-83EB-443C-9981-72A9911C3284}
		{880C0F13-695A-4EBD-B060-DE6084D7DB5A} = {74A7F40B-83EB-443C-9981-72A9911C3284}
		{5D394D9E-CBEF-40CD-9EBD-ECC624A68665} = {74A7F40B-83EB-443C-9981-72A9911C3284}
		{B678BAE9-81B7-4ED5-B263-C376A233600D} = {74A7F40B-83EB-443C-9981-72A9911C3284}
		{68CBF7CD-1219-4D63-B2B7-7E115DDD2562} = {74A7F40B-83EB-443C-9981-72A9911C3284}
	EndGlobalSection
EndGlobal
