{
  "version": 1,
  "dependencies": {
    "net10.0": {
      "Amazon.Lambda.APIGatewayEvents": {
        "type": "Direct",
        "requested": "[2.7.3, )",
        "resolved": "2.7.3",
        "contentHash": "CXmiXdwuSXSJA0YH+7OJqG2uGDnhDcKkN2ei2u2/kdRFK+RH8JC5GbdechdJoldpogxHdHy12TuAfqqKSC67Nw=="
      },
      "Amazon.Lambda.Core": {
        "type": "Direct",
        "requested": "[2.8.1, )",
        "resolved": "2.8.1",
        "contentHash": "wLrBdUXY1jn12o3+sar5c5ApMJPGEMye+1rnyDjwCKA2rcPNMZbNsKLQ76bV+DGnx5CN8bArB26SKB/rEuxIxQ=="
      },
      "Amazon.Lambda.Serialization.SystemTextJson": {
        "type": "Direct",
        "requested": "[2.4.5, )",
        "resolved": "2.4.5",
        "contentHash": "5A/uFtcGBbRP7yA2dAaG6H67Sb0HKvzy8tscHj8b4QiYsZ3fFykBdfqcYuLgIlTHJIutz6JzF8gOvlYH9/5s7g==",
        "dependencies": {
          "Amazon.Lambda.Core": "2.8.0"
        }
      },
      "Fantomas.Core": {
        "type": "Direct",
        "requested": "[7.0.5, )",
        "resolved": "7.0.5",
        "contentHash": "wGbCsAqKhyhuDwMsOXh4p9GJvw7OzJX/OwoPAVw913Fae2rbczREl8L8U5hZIadoJmhuyIu0Dp/8UJToykZs6Q==",
        "dependencies": {
          "FSharp.Core": "8.0.100",
          "Fantomas.FCS": "7.0.5"
        }
      },
      "FSharp.Core": {
        "type": "Direct",
        "requested": "[10.0.102, )",
        "resolved": "10.0.102",
        "contentHash": "umz5pbtOvL/F9U5sibhREzZT2ewAs//nRTMwj8XcOOjMdOP828tipLpEhb2fZNijhiyikJ6Nr/dsMc/lj58W9w=="
      },
      "Microsoft.Net.Http.Headers": {
        "type": "Direct",
        "requested": "[10.0.5, )",
        "resolved": "10.0.5",
        "contentHash": "TGUHL+k6OikGvIDpwwFUBkhSYs+1Z6BYab6EJM8xrIvuSNdf+Ni0hiNRyM7WeoycZo8yHttdCHlbj3QfLtGM6Q==",
        "dependencies": {
          "Microsoft.Extensions.Primitives": "10.0.5"
        }
      },
      "Suave": {
        "type": "Direct",
        "requested": "[3.2.3, )",
        "resolved": "3.2.3",
        "contentHash": "o35yJDABIJ/rJ3lnrMo/vIk4CKN00HZScd5AulSTKgfcfD3KfU5kFZesa4ZGVMwogNgHRx0b0g05hgkY98oUlQ==",
        "dependencies": {
          "FSharp.Core": "[10.0.102, 10.1.0)"
        }
      },
      "Thoth.Json.Net": {
        "type": "Direct",
        "requested": "[12.0.0, )",
        "resolved": "12.0.0",
        "contentHash": "n2YyONYdWCFS4Pu7wrqgV/l5tPuN+t3gxEfs/2RwqCiQkRnbgKs9dK61zHeZS5YganAoFbxLSwbaNL7SvSrS9g==",
        "dependencies": {
          "FSharp.Core": "4.7.2",
          "Fable.Core": "3.1.6",
          "Newtonsoft.Json": "13.0.1"
        }
      },
      "Fable.Core": {
        "type": "Transitive",
        "resolved": "3.1.6",
        "contentHash": "w6M1F0zoLk4kTFc1Lx6x1Ft6BD3QwRe0eaLiinAqbjVkcF+iK+NiXGJO+a6q9RAF9NCg0vI48Xku7aNeqG4JVw==",
        "dependencies": {
          "FSharp.Core": "4.7.1"
        }
      },
      "Fantomas.FCS": {
        "type": "Transitive",
        "resolved": "7.0.5",
        "contentHash": "WxifhpLkDuv/WronO8UcEe8gsSTuuMqrUjnke/kUd11vTJ9T8IYouGidT+sSDaf1dAMaf1bb6maz/h+/dSu6wg==",
        "dependencies": {
          "FSharp.Core": "8.0.100"
        }
      },
      "Microsoft.Extensions.Primitives": {
        "type": "Transitive",
        "resolved": "10.0.5",
        "contentHash": "/HUHJ0tw/LQvD0DZrz50eQy/3z7PfX7WWEaXnjKTV9/TNdcgFlNTZGo49QhS7PTmhDqMyHRMqAXSBxLh0vso4g=="
      },
      "Newtonsoft.Json": {
        "type": "Transitive",
        "resolved": "13.0.1",
        "contentHash": "ppPFpBcvxdsfUonNcvITKqLl3bqxWbDCZIzDWHzjpdAHRFfZe0Dw9HmA0+za13IdyrgJwpkDTDA9fHaxOrt20A=="
      }
    }
  }
}