{
  "version": 1,
  "dependencies": {
    "net10.0": {
      "FSharp.Core": {
        "type": "Direct",
        "requested": "[10.1.400, )",
        "resolved": "10.1.400",
        "contentHash": "C8Myl8/HMoTWw0K/xJ+Q6JHlS5fUw2VTI91a3v3eVs0FVkVb5XIevzH7S2AmvIoD7s186uNyeRTGbrpef9gZyQ=="
      },
      "Humanizer.Core": {
        "type": "Direct",
        "requested": "[3.0.10, )",
        "resolved": "3.0.10",
        "contentHash": "yZIhtw8sYuvsONzQbZxWpR60tMWYHXoo0DL6nyOqSFiU5POjBTSEyWFpTQtJEZuy+oqiYTXKXY/Mjx7KnqIQFw=="
      },
      "OpenTelemetry": {
        "type": "Direct",
        "requested": "[1.18.0, )",
        "resolved": "1.18.0",
        "contentHash": "13AKxycK+olOLe061MjliPTNBR/DUkjyRr0b9zwUhKyMjFS8lXS7G31R85rkbM55up2YFmdykWdAw2giBDJpiQ==",
        "dependencies": {
          "Microsoft.Extensions.Configuration.EnvironmentVariables": "10.0.0",
          "Microsoft.Extensions.Diagnostics.Abstractions": "10.0.0",
          "Microsoft.Extensions.Logging.Configuration": "10.0.0",
          "OpenTelemetry.Api.ProviderBuilderExtensions": "1.18.0"
        }
      },
      "OpenTelemetry.Exporter.OpenTelemetryProtocol": {
        "type": "Direct",
        "requested": "[1.18.0, )",
        "resolved": "1.18.0",
        "contentHash": "Et3WAviooKGObZjUZN8d6eTsdJs1YM3ZoN+KlWSAHksTmHG1nyGi9XGo2wb0fkFMWK0g80FOPdR1njg52Dm+aw==",
        "dependencies": {
          "OpenTelemetry": "1.18.0"
        }
      },
      "Pulumi.Aws": {
        "type": "Direct",
        "requested": "[7.44.0, )",
        "resolved": "7.44.0",
        "contentHash": "LmWzuV/SdAN+OFt+TdVj2BX42rgT81tyI23ssUBiPcVbpfzj+uMHIzzTJM7/Lhpmf2OUYa7bGrEjnubrc4CcXA==",
        "dependencies": {
          "Pulumi": "3.113.0"
        }
      },
      "Pulumi.FSharp": {
        "type": "Direct",
        "requested": "[3.113.0, )",
        "resolved": "3.113.0",
        "contentHash": "Dr1a+SLYJtBCPpiz6ftEdEklHS/mNiWACT/tm6Mi+54tYW5BlOYeiRhd/trKwht2Fs9LZ8/7jqyMohnkajgYNw==",
        "dependencies": {
          "FSharp.Core": "4.7.2",
          "Pulumi": "3.113.0"
        }
      },
      "Thoth.Json.System.Text.Json": {
        "type": "Direct",
        "requested": "[0.4.0, )",
        "resolved": "0.4.0",
        "contentHash": "HTnGXeo2Q9E4lBO5yeEZMrL86lfqe6Nk6kezKc9Nw//bfPc612qnrxPAwDM6ZAdTBR0/xsuP/P0mB1isi66kEA==",
        "dependencies": {
          "FSharp.Core": "10.1.203",
          "Thoth.Json.Core": "0.9.1"
        }
      },
      "Ben.Demystifier": {
        "type": "Transitive",
        "resolved": "0.4.1",
        "contentHash": "axFeEMfmEORy3ipAzOXG/lE+KcNptRbei3F0C4kQCdeiQtW+qJW90K5iIovITGrdLt8AjhNCwk5qLSX9/rFpoA=="
      },
      "Google.Protobuf": {
        "type": "Transitive",
        "resolved": "3.24.0",
        "contentHash": "5j/OBUVWPTeRYlG3Dm4PSupyU6nJmbnnhPeqjePzCqtzrh5vErx8dToStuhTnG1ZYZ+dawGziC7DN1I6FEQH0g=="
      },
      "Grpc.AspNetCore.Server": {
        "type": "Transitive",
        "resolved": "2.63.0",
        "contentHash": "KoOz6f23k9p9+NnQw78MiMAUYNOZ8HqATcdS2Q6f9K+F8EMJbj2+Vcie88z1OpLc+7iObr4PbK3Xmf4Nm5XbGw==",
        "dependencies": {
          "Grpc.Net.Common": "2.63.0"
        }
      },
      "Grpc.AspNetCore.Server.Reflection": {
        "type": "Transitive",
        "resolved": "2.63.0",
        "contentHash": "+o21iX7CF8HRGJUu5op/DGANUXxIz7cR+p2Cr98Dxddvoy4jv3kybNfo+g1EJskZamDRDgfO2qtoqO6Tvga87g==",
        "dependencies": {
          "Google.Protobuf": "3.24.0",
          "Grpc.AspNetCore.Server": "2.63.0",
          "Grpc.Reflection": "2.63.0"
        }
      },
      "Grpc.Core.Api": {
        "type": "Transitive",
        "resolved": "2.63.0",
        "contentHash": "t3+/MF8AxIqKq5UmPB9EWAnM9C/+lXOB8TRFfeVMDntf6dekfJmjpKDebaT4t2bbuwVwwvthxxox9BuGr59kYA=="
      },
      "Grpc.Net.Client": {
        "type": "Transitive",
        "resolved": "2.63.0",
        "contentHash": "847zG24daOP1242OpbnjhbKtplH/EfV/76QReQA3cbS5SL78uIXsWMe9IN9JlIb4+kT3eE4fjMCXTn8BAQ91Ng==",
        "dependencies": {
          "Grpc.Net.Common": "2.63.0",
          "Microsoft.Extensions.Logging.Abstractions": "6.0.0"
        }
      },
      "Grpc.Net.Common": {
        "type": "Transitive",
        "resolved": "2.63.0",
        "contentHash": "RLt6p31ZMsXRcHNeu1dQuIFLYZvnwP6LUzoDPlV3KoR4w9btmwrXIvz9Jbp1SOmxW7nXw9zShAeIt5LsqFAx5w==",
        "dependencies": {
          "Grpc.Core.Api": "2.63.0"
        }
      },
      "Grpc.Reflection": {
        "type": "Transitive",
        "resolved": "2.63.0",
        "contentHash": "IDZQoRI5+SAQAaT2NiXjUu/CbvS9WQQB95AP/Dr4Aq+rNDJURDPh1Y8pckcYK8G9tr08rVQ5aGIpnYknxrV0nQ==",
        "dependencies": {
          "Google.Protobuf": "3.24.0",
          "Grpc.Core.Api": "2.63.0"
        }
      },
      "Microsoft.Extensions.Configuration": {
        "type": "Transitive",
        "resolved": "10.0.0",
        "contentHash": "H4SWETCh/cC5L1WtWchHR6LntGk3rDTTznZMssr4cL8IbDmMWBxY+MOGDc/ASnqNolLKPIWHWeuC1ddiL/iNPw==",
        "dependencies": {
          "Microsoft.Extensions.Configuration.Abstractions": "10.0.0",
          "Microsoft.Extensions.Primitives": "10.0.0"
        }
      },
      "Microsoft.Extensions.Configuration.Abstractions": {
        "type": "Transitive",
        "resolved": "10.0.0",
        "contentHash": "d2kDKnCsJvY7mBVhcjPSp9BkJk48DsaHPg5u+Oy4f8XaOqnEedRy/USyvnpHL92wpJ6DrTPy7htppUUzskbCXQ==",
        "dependencies": {
          "Microsoft.Extensions.Primitives": "10.0.0"
        }
      },
      "Microsoft.Extensions.Configuration.Binder": {
        "type": "Transitive",
        "resolved": "10.0.0",
        "contentHash": "tMF9wNh+hlyYDWB8mrFCQHQmWHlRosol1b/N2Jrefy1bFLnuTlgSYmPyHNmz8xVQgs7DpXytBRWxGhG+mSTp0g==",
        "dependencies": {
          "Microsoft.Extensions.Configuration": "10.0.0",
          "Microsoft.Extensions.Configuration.Abstractions": "10.0.0"
        }
      },
      "Microsoft.Extensions.Configuration.EnvironmentVariables": {
        "type": "Transitive",
        "resolved": "10.0.0",
        "contentHash": "TmFegsI/uCdwMBD4yKpmO+OkjVNHQL49Dh/ep83NI5rPUEoBK9OdsJo1zURc1A2FuS/R/Pos3wsTjlyLnguBLA==",
        "dependencies": {
          "Microsoft.Extensions.Configuration": "10.0.0",
          "Microsoft.Extensions.Configuration.Abstractions": "10.0.0"
        }
      },
      "Microsoft.Extensions.DependencyInjection": {
        "type": "Transitive",
        "resolved": "10.0.0",
        "contentHash": "f0RBabswJq+gRu5a+hWIobrLWiUYPKMhCD9WO3sYBAdSy3FFH14LMvLVFZc2kPSCimBLxSuitUhsd6tb0TAY6A==",
        "dependencies": {
          "Microsoft.Extensions.DependencyInjection.Abstractions": "10.0.0"
        }
      },
      "Microsoft.Extensions.DependencyInjection.Abstractions": {
        "type": "Transitive",
        "resolved": "10.0.0",
        "contentHash": "L3AdmZ1WOK4XXT5YFPEwyt0ep6l8lGIPs7F5OOBZc77Zqeo01Of7XXICy47628sdVl0v/owxYJTe86DTgFwKCA=="
      },
      "Microsoft.Extensions.Diagnostics.Abstractions": {
        "type": "Transitive",
        "resolved": "10.0.0",
        "contentHash": "SfK89ytD61S7DgzorFljSkUeluC1ncn6dtZgwc0ot39f/BEYWBl5jpgvodxduoYAs1d9HG8faCDRZxE95UMo2A==",
        "dependencies": {
          "Microsoft.Extensions.DependencyInjection.Abstractions": "10.0.0",
          "Microsoft.Extensions.Options": "10.0.0"
        }
      },
      "Microsoft.Extensions.Logging": {
        "type": "Transitive",
        "resolved": "10.0.0",
        "contentHash": "BStFkd5CcnEtarlcgYDBcFzGYCuuNMzPs02wN3WBsOFoYIEmYoUdAiU+au6opzoqfTYJsMTW00AeqDdnXH2CvA==",
        "dependencies": {
          "Microsoft.Extensions.DependencyInjection": "10.0.0",
          "Microsoft.Extensions.Logging.Abstractions": "10.0.0",
          "Microsoft.Extensions.Options": "10.0.0"
        }
      },
      "Microsoft.Extensions.Logging.Abstractions": {
        "type": "Transitive",
        "resolved": "10.0.0",
        "contentHash": "FU/IfjDfwaMuKr414SSQNTIti/69bHEMb+QKrskRb26oVqpx3lNFXMjs/RC9ZUuhBhcwDM2BwOgoMw+PZ+beqQ==",
        "dependencies": {
          "Microsoft.Extensions.DependencyInjection.Abstractions": "10.0.0"
        }
      },
      "Microsoft.Extensions.Logging.Configuration": {
        "type": "Transitive",
        "resolved": "10.0.0",
        "contentHash": "j8zcwhS6bYB6FEfaY3nYSgHdpiL2T+/V3xjpHtslVAegyI1JUbB9yAt/BFdvZdsNbY0Udm4xFtvfT/hUwcOOOg==",
        "dependencies": {
          "Microsoft.Extensions.Configuration": "10.0.0",
          "Microsoft.Extensions.Configuration.Abstractions": "10.0.0",
          "Microsoft.Extensions.Configuration.Binder": "10.0.0",
          "Microsoft.Extensions.DependencyInjection.Abstractions": "10.0.0",
          "Microsoft.Extensions.Logging": "10.0.0",
          "Microsoft.Extensions.Logging.Abstractions": "10.0.0",
          "Microsoft.Extensions.Options": "10.0.0",
          "Microsoft.Extensions.Options.ConfigurationExtensions": "10.0.0"
        }
      },
      "Microsoft.Extensions.Options": {
        "type": "Transitive",
        "resolved": "10.0.0",
        "contentHash": "8oCAgXOow5XDrY9HaXX1QmH3ORsyZO/ANVHBlhLyCeWTH5Sg4UuqZeOTWJi6484M+LqSx0RqQXDJtdYy2BNiLQ==",
        "dependencies": {
          "Microsoft.Extensions.DependencyInjection.Abstractions": "10.0.0",
          "Microsoft.Extensions.Primitives": "10.0.0"
        }
      },
      "Microsoft.Extensions.Options.ConfigurationExtensions": {
        "type": "Transitive",
        "resolved": "10.0.0",
        "contentHash": "tL9cSl3maS5FPzp/3MtlZI21ExWhni0nnUCF8HY4npTsINw45n9SNDbkKXBMtFyUFGSsQep25fHIDN4f/Vp3AQ==",
        "dependencies": {
          "Microsoft.Extensions.Configuration.Abstractions": "10.0.0",
          "Microsoft.Extensions.Configuration.Binder": "10.0.0",
          "Microsoft.Extensions.DependencyInjection.Abstractions": "10.0.0",
          "Microsoft.Extensions.Options": "10.0.0",
          "Microsoft.Extensions.Primitives": "10.0.0"
        }
      },
      "Microsoft.Extensions.Primitives": {
        "type": "Transitive",
        "resolved": "10.0.0",
        "contentHash": "inRnbpCS0nwO/RuoZIAqxQUuyjaknOOnCEZB55KSMMjRhl0RQDttSmLSGsUJN3RQ3ocf5NDLFd2mOQViHqMK5w=="
      },
      "OneOf": {
        "type": "Transitive",
        "resolved": "3.0.216",
        "contentHash": "hvSxx7O9Z50ZK/HZaqxcEiO1skihnHcsziy0cVRqSq7LrETM9swcRcMZuG+0irai7jq8FYYCHTrB/pSHSah6ug=="
      },
      "OpenTelemetry.Api": {
        "type": "Transitive",
        "resolved": "1.18.0",
        "contentHash": "Dhzm5oughIY9EWckt2J1yXcEbXpki5WCL2q7prJoYxzH6C7jdkfGtPMTkUVZZ4AhjJKzQnlC+kLSIlmIVwC4Vw=="
      },
      "OpenTelemetry.Api.ProviderBuilderExtensions": {
        "type": "Transitive",
        "resolved": "1.18.0",
        "contentHash": "io6A6PJFp3vIObRGf6oPjdHsdglkinXt/0SpTDJHrVnsLxUtOzwh/QwTsnhBJ43wJ6QcGMkyNzsSSY8XEB1Q5Q==",
        "dependencies": {
          "Microsoft.Extensions.DependencyInjection.Abstractions": "10.0.0",
          "OpenTelemetry.Api": "1.18.0"
        }
      },
      "Pulumi": {
        "type": "Transitive",
        "resolved": "3.113.0",
        "contentHash": "nr/L07nAVPORLfR0VXW81y/y7MAJzs8x5t6GGwppy8xKZpz2fhfYYit+AdiR2UGH6/bJJwmocoHetPFPvM/wxw==",
        "dependencies": {
          "Ben.Demystifier": "0.4.1",
          "Grpc.AspNetCore.Server": "2.63.0",
          "Grpc.AspNetCore.Server.Reflection": "2.63.0",
          "Grpc.Net.Client": "2.63.0",
          "Humanizer.Core": "2.14.1",
          "Microsoft.Extensions.Logging.Abstractions": "8.0.2",
          "OneOf": "3.0.216",
          "OpenTelemetry": "1.9.0",
          "OpenTelemetry.Exporter.OpenTelemetryProtocol": "1.9.0",
          "Pulumi.Protobuf": "3.27.3",
          "Serilog.Extensions.Logging": "3.0.1",
          "Serilog.Sinks.Console": "4.0.1",
          "semver": "3.0.0"
        }
      },
      "Pulumi.Protobuf": {
        "type": "Transitive",
        "resolved": "3.27.3",
        "contentHash": "iWTlBj1RPY6cOJqFUX7W1vwZOTjpUWEpTsddniIoOy2vqAL8UnGI56q28eHPwGwAPyERctbG4no1P+fblPQHHg=="
      },
      "Semver": {
        "type": "Transitive",
        "resolved": "3.0.0",
        "contentHash": "9jZCicsVgTebqkAujRWtC9J1A5EQVlu0TVKHcgoCuv345ve5DYf4D1MjhKEnQjdRZo6x/vdv6QQrYFs7ilGzLA==",
        "dependencies": {
          "Microsoft.Extensions.Primitives": "5.0.1"
        }
      },
      "Serilog": {
        "type": "Transitive",
        "resolved": "2.10.0",
        "contentHash": "+QX0hmf37a0/OZLxM3wL7V6/ADvC1XihXN4Kq/p6d8lCPfgkRdiuhbWlMaFjR9Av0dy5F0+MBeDmDdRZN/YwQA=="
      },
      "Serilog.Extensions.Logging": {
        "type": "Transitive",
        "resolved": "3.0.1",
        "contentHash": "U0xbGoZuxJRjE3C5vlCfrf9a4xHTmbrCXKmaA14cHAqiT1Qir0rkV7Xss9GpPJR3MRYH19DFUUqZ9hvWeJrzdQ==",
        "dependencies": {
          "Microsoft.Extensions.Logging": "2.0.0",
          "Serilog": "2.8.0"
        }
      },
      "Serilog.Sinks.Console": {
        "type": "Transitive",
        "resolved": "4.0.1",
        "contentHash": "apLOvSJQLlIbKlbx+Y2UDHSP05kJsV7mou+fvJoRGs/iR+jC22r8cuFVMjjfVxz/AD4B2UCltFhE1naRLXwKNw==",
        "dependencies": {
          "Serilog": "2.10.0"
        }
      },
      "Thoth.Json.Core": {
        "type": "Transitive",
        "resolved": "0.9.1",
        "contentHash": "SutN30fiRfeKyGv9TEaze9L5/4ikkiqz37tlM8DyS3qhyB/7UgXeKV6D1boMKNh4phSvL031mQipSU+C27Vx0A==",
        "dependencies": {
          "FSharp.Core": "10.1.203"
        }
      }
    }
  }
}