{
  "version": 1,
  "dependencies": {
    "net6.0": {
      "Fable.Browser.Url": {
        "type": "Direct",
        "requested": "[1.1.0, )",
        "resolved": "1.1.0",
        "contentHash": "HZKXJ1QHyJd/17fKISQXqq/NKgElSuy4oKVCcKxZs9D2+ODFu/0cFolYCFfVxmMt0G4t3SC8bLEZZKwgeNAnvg==",
        "dependencies": {
          "FSharp.Core": "4.7.2",
          "Fable.Core": "3.0.0"
        }
      },
      "Fable.Core": {
        "type": "Direct",
        "requested": "[4.0.0, )",
        "resolved": "4.0.0",
        "contentHash": "crDLkyN4xADgnCqIneMUGVDo2oS92W4oufbIH/jwc8Fk7nIH6pS/Ds1rBB4R1jUfU1WM1k9GEPa4Up8cNj5VYw=="
      },
      "Fable.Fetch": {
        "type": "Direct",
        "requested": "[2.6.0, )",
        "resolved": "2.6.0",
        "contentHash": "zhCl95EYeuKcc7bk2jGHLSuLhkPqvRcrlwC91GqgX51BlQ7WJF2IQ7mUxW2n1mg74M1D2VOwEKqQpTAZDCVa8Q==",
        "dependencies": {
          "FSharp.Core": "4.7.2",
          "Fable.Browser.Blob": "1.2.0",
          "Fable.Browser.Event": "1.5.0",
          "Fable.Core": "3.7.1",
          "Fable.Promise": "2.2.2"
        }
      },
      "Fable.React": {
        "type": "Direct",
        "requested": "[9.2.0, )",
        "resolved": "9.2.0",
        "contentHash": "ZMRkZpBy+6ytUHPk0WjRh15kigncmSGLOAbtf12VaSy48mtgqIW4lC/23X/FEvz8tUGwHvBUen2GzUU1G/L+RQ==",
        "dependencies": {
          "FSharp.Core": "4.7.2",
          "Fable.React.Types": "18.3.0",
          "Fable.ReactDom.Types": "18.2.0"
        }
      },
      "Fable.ReactDom.Types": {
        "type": "Direct",
        "requested": "[18.2.0, )",
        "resolved": "18.2.0",
        "contentHash": "2WoBjsLiSgrvR68OJXko0iVaqeMbkPM5Bx813A1WlxOSCJ50M9fwnlwG/MUEZtiOIhQmku/YTJY5a8E8r1+j2Q==",
        "dependencies": {
          "FSharp.Core": "4.7.2",
          "Fable.React.Types": "18.3.0"
        }
      },
      "Feliz": {
        "type": "Direct",
        "requested": "[2.5.0, )",
        "resolved": "2.5.0",
        "contentHash": "PkgFpmbMoKeWRo+U19jrZX814+GSewuqDLa9tl0ho78AP2RFVPpeS+rETrYS/uXNCPsTZc7SosQT5tr1TKSbiw==",
        "dependencies": {
          "FSharp.Core": "4.7.2",
          "Fable.ReactDom.Types": "18.2.0",
          "Feliz.CompilerPlugins": "2.1.0"
        }
      },
      "Feliz.CompilerPlugins": {
        "type": "Direct",
        "requested": "[2.1.0, )",
        "resolved": "2.1.0",
        "contentHash": "V/BcW6hBN5VGjL5sE3NXX8ROANcsXkdjj7ZOtD0eWZfLlXFNLiI7cLraFfhS+ZxKUS+sgH4MQecA6ddcAd98RQ==",
        "dependencies": {
          "FSharp.Core": "4.7.2",
          "Fable.AST": "4.2.1"
        }
      },
      "Feliz.Router": {
        "type": "Direct",
        "requested": "[4.0.0, )",
        "resolved": "4.0.0",
        "contentHash": "al1c1BJgmobZ1U5bWRVrPe/TXRJAV70uslBGRT3yKgpf7dl7E/XWZhAZWpKhu4pPuvpH0rjHhPnj15r80QCSMQ==",
        "dependencies": {
          "FSharp.Core": "4.7.2",
          "Fable.Elmish": "4.0.0",
          "Feliz": "2.3.0"
        }
      },
      "Feliz.UseElmish": {
        "type": "Direct",
        "requested": "[2.4.0, )",
        "resolved": "2.4.0",
        "contentHash": "n0BQhXtswpJZH5PKJl7V2+4TeovKQ3FSp06ejsmsfGD9om7wp1yi9cp8jSw7o3ZwW+SuCGZIFibfhvBF6xKK2A==",
        "dependencies": {
          "FSharp.Core": "4.7.2",
          "Fable.Elmish": "4.0.0"
        }
      },
      "FSharp.Core": {
        "type": "Direct",
        "requested": "[6.0.6, )",
        "resolved": "6.0.6",
        "contentHash": "oSbTFqPtsp+EGkWAHwYIYYHyXLJRnbzVwcmM06kmXNLdWsp3P6XZViPSJJ2qUQS8feNK+nyPA0qtpNZXANGB7w=="
      },
      "Thoth.Json": {
        "type": "Direct",
        "requested": "[7.0.0, )",
        "resolved": "7.0.0",
        "contentHash": "0aJtAcjK8Ljx8tSUxHUxZQDInOGtPwGkB+fD9MSrBooe0eqseQAHNSD51CttK5kytqXM6YHPXPN6UFW65GdZFg==",
        "dependencies": {
          "FSharp.Core": "4.7.2",
          "Fable.Core": "3.1.6"
        }
      },
      "Zanaptak.TypedCssClasses": {
        "type": "Direct",
        "requested": "[1.0.0, )",
        "resolved": "1.0.0",
        "contentHash": "R+2LpSkc/JIVfwL+w2rIYlH5v2W7PTAZeeis/TDosCl/orOv9NtzCr+DjvTSYaFvaEpjMmSNuvv9wLoZhf6R2A==",
        "dependencies": {
          "FSharp.Core": "4.3.4"
        }
      },
      "Fable.AST": {
        "type": "Transitive",
        "resolved": "4.2.1",
        "contentHash": "/4V6U7Qw/WIRRxm9NJ7b+YTXTRCTk6/YKeJnbKYaVbtT45MstA3jkFvRfV0FqVFtkG9AL4uccetreygTjK7nbQ=="
      },
      "Fable.Browser.Blob": {
        "type": "Transitive",
        "resolved": "1.2.0",
        "contentHash": "bM4zbtIeycTFFCH7o4WuN28W70dTxNTMZiMvR70XUTYrBnbz7GpS5XxzUy5caDB4l7s2l7wiuVDhh52t7NXxDg==",
        "dependencies": {
          "FSharp.Core": "4.7.2",
          "Fable.Core": "3.0.0"
        }
      },
      "Fable.Browser.Dom": {
        "type": "Transitive",
        "resolved": "2.4.4",
        "contentHash": "wFGefU1Idqkwa6kKdvz5oyHL5yP+i+cvTHPeJGlF22fnqOozFurFIuPqGToqpgl9DfyWr7MyNvTiLFOkfXNqnA==",
        "dependencies": {
          "FSharp.Core": "4.7.2",
          "Fable.Browser.Blob": "1.1.4",
          "Fable.Browser.Event": "1.4.4",
          "Fable.Browser.WebStorage": "1.0.4",
          "Fable.Core": "3.0.0"
        }
      },
      "Fable.Browser.Event": {
        "type": "Transitive",
        "resolved": "1.5.0",
        "contentHash": "Bx2AOOASIG1Eq1Pe8869H8baMePte6STmKGccGuOYMT2p6nWVS8G6ZBZb5encQ0tAL2/0vhA4KJOl4bYwUaQqg==",
        "dependencies": {
          "FSharp.Core": "4.7.2",
          "Fable.Browser.Gamepad": "1.1.0",
          "Fable.Core": "3.0.0"
        }
      },
      "Fable.Browser.Gamepad": {
        "type": "Transitive",
        "resolved": "1.1.0",
        "contentHash": "8m/Ae/mrH2Hb2ue435rTPEeVb2FhfWsRJJLpCxMvk+5EUOO2+IIjIkLq4thUfRL98uQVt9V5cQd14h2aBf2XJA==",
        "dependencies": {
          "FSharp.Core": "4.7.2",
          "Fable.Core": "3.0.0"
        }
      },
      "Fable.Browser.WebStorage": {
        "type": "Transitive",
        "resolved": "1.0.4",
        "contentHash": "kxKI1nM4TWIRjp4X0QfdbgdU3p1ite5E/to3/RqotnV5BTmS9Wl+yX38L0S4CTbnU+I6v8aPLYlZ/BKmtxggXQ==",
        "dependencies": {
          "FSharp.Core": "4.7.2",
          "Fable.Browser.Event": "1.4.4",
          "Fable.Core": "3.0.0"
        }
      },
      "Fable.Elmish": {
        "type": "Transitive",
        "resolved": "4.0.0",
        "contentHash": "F7yJFmXWmg0EYfAstxNWdei1SJB+Q83pCxxGlfmLJ7uxIiYd6CbRjaHDBxC0SmHeT1E4kbjHCTFys2HHg90oow==",
        "dependencies": {
          "FSharp.Core": "4.7.2",
          "Fable.Core": "3.7.1"
        }
      },
      "Fable.Promise": {
        "type": "Transitive",
        "resolved": "2.2.2",
        "contentHash": "yHFSo7GCY0l/Wjskh/HESuFoGzXIoRM22UlrARA5ewnX736Y1wM27kcqCWeGcIzaEsgJnZcDkp093M0gQyMcWA==",
        "dependencies": {
          "FSharp.Core": "4.7.2",
          "Fable.Core": "3.1.5"
        }
      },
      "Fable.React.Types": {
        "type": "Transitive",
        "resolved": "18.3.0",
        "contentHash": "/b8WZ3Bdfhqy9r60ZK9JGZaGNjIMb0ogsrvWIg3k7KfCEvJs5X6+7hCybVkyjVoxwzn9wLyYGRbh5wmuHQT/Vg==",
        "dependencies": {
          "FSharp.Core": "4.7.2",
          "Fable.Browser.Dom": "2.4.4",
          "Fable.Core": "3.2.7"
        }
      }
    }
  }
}