{
  "version": 1,
  "dependencies": {
    "net10.0": {
      "Fable.Browser.Url": {
        "type": "Direct",
        "requested": "[1.4.0, )",
        "resolved": "1.4.0",
        "contentHash": "ET13CmcugtiNg4BKdOBwPmwN9W614vRJvtm49XSZac70hH+uUy1j7ILPfohe9i27AecJ7NU1cJGlqahzHf71rQ==",
        "dependencies": {
          "FSharp.Core": "4.7.2",
          "Fable.Core": "3.2.8"
        }
      },
      "Fable.Core": {
        "type": "Direct",
        "requested": "[5.2.0, )",
        "resolved": "5.2.0",
        "contentHash": "3+HVoyYMjPGeKJEhMzRti0coDS6AkLVOWXmGwSvqokeTuwdZLyiKMoNgQrE6ZeJ0cSy9qHBB4VBpw5RAfb6zmQ==",
        "dependencies": {
          "FSharp.Core": "4.7.2"
        }
      },
      "Fable.Fetch": {
        "type": "Direct",
        "requested": "[2.7.0, )",
        "resolved": "2.7.0",
        "contentHash": "2ndGZZTqpX9Hyso51tnIxWAskN2zrHX+7LeAwfG4zew+DtMMGa/3IyJGl2BOYUwweq2MhfuVqs1K3avgBFDq+Q==",
        "dependencies": {
          "FSharp.Core": "4.7.2",
          "Fable.Browser.Blob": "1.2.0",
          "Fable.Browser.Event": "1.5.0",
          "Fable.Core": "3.7.1",
          "Fable.Promise": "2.2.2"
        }
      },
      "Fable.React": {
        "type": "Direct",
        "requested": "[9.4.0, )",
        "resolved": "9.4.0",
        "contentHash": "c33FD2BumoYvu4/8bz2ToWaLZyfq2GMo7nq0RB/Bdoj7KdNObNBw2s1jWTi9whcf/s3tmikoXS4gZUKpD9MJ8g==",
        "dependencies": {
          "FSharp.Core": "4.7.2",
          "Fable.React.Types": "18.3.0",
          "Fable.ReactDom.Types": "18.2.0"
        }
      },
      "Fable.ReactDom.Types": {
        "type": "Direct",
        "requested": "[18.2.0, )",
        "resolved": "18.2.0",
        "contentHash": "2WoBjsLiSgrvR68OJXko0iVaqeMbkPM5Bx813A1WlxOSCJ50M9fwnlwG/MUEZtiOIhQmku/YTJY5a8E8r1+j2Q==",
        "dependencies": {
          "FSharp.Core": "4.7.2",
          "Fable.React.Types": "18.3.0"
        }
      },
      "Feliz": {
        "type": "Direct",
        "requested": "[3.3.3, )",
        "resolved": "3.3.3",
        "contentHash": "LmAq2TW9pCBu9pFhjs9JVFzVw4LydPcDaU3pP8Q+mhrVZc22T82lQBTC886lIROegcZbBWeXfM3/e9e6ccpJAA==",
        "dependencies": {
          "Fable.Core": "4.5.0",
          "Fable.React.Types": "18.4.0",
          "Fable.ReactDom.Types": "18.2.0",
          "Feliz.CompilerPlugins": "3.2.0"
        }
      },
      "Feliz.CompilerPlugins": {
        "type": "Direct",
        "requested": "[3.2.0, )",
        "resolved": "3.2.0",
        "contentHash": "UP9jymqxszqAOyL9a+VkYpSeD9oQJ0K4cJySztPMgszReoloqi9Ik5BgTkzK6Ofil9FMOeeWLtYYXfVq4OHjLw==",
        "dependencies": {
          "Fable.AST": "5.0.0-rc.3"
        }
      },
      "Feliz.UseElmish": {
        "type": "Direct",
        "requested": "[5.0.0, )",
        "resolved": "5.0.0",
        "contentHash": "ynLWQyamiAeEdQMTYvZwAGcgGiIahjIQzPstsRStYg1TQKodMXLeiteOoSz7nTkNH+6190zlYG9AVHnunJR/tA==",
        "dependencies": {
          "Fable.Elmish": "4.0.0",
          "Feliz": "3.3.2"
        }
      },
      "FSharp.Core": {
        "type": "Direct",
        "requested": "[10.1.203, )",
        "resolved": "10.1.203",
        "contentHash": "I2MFk72yHqfgI594gKFigq8PVIso0Mh1ZUgG9R4n8gyYQ4IwpBxmvecfjnKA7iMLdVHYULB70PsLwYW/K76gew=="
      },
      "Thoth.Json": {
        "type": "Direct",
        "requested": "[10.5.1, )",
        "resolved": "10.5.1",
        "contentHash": "HMh+zRyOhz7ASGNLgcSQFsrZWv4mcMZfqIsya0aQ2ixFWZpav9RRvYR5C9tL33qmRDX4n+73Bpo6brSfUQ4nQA==",
        "dependencies": {
          "FSharp.Core": "10.1.203",
          "Fable.Core": "5.0.0"
        }
      },
      "Zanaptak.TypedCssClasses": {
        "type": "Direct",
        "requested": "[1.0.0, )",
        "resolved": "1.0.0",
        "contentHash": "R+2LpSkc/JIVfwL+w2rIYlH5v2W7PTAZeeis/TDosCl/orOv9NtzCr+DjvTSYaFvaEpjMmSNuvv9wLoZhf6R2A==",
        "dependencies": {
          "FSharp.Core": "4.3.4"
        }
      },
      "Fable.AST": {
        "type": "Transitive",
        "resolved": "5.0.0-rc.3",
        "contentHash": "Lg+io2OqGztHovglpCdcRqYmNezS0V8L3CudaAsmcgpN7/f80ndwpuuelWd8SaDgRh+/LlwvlyzDhdmkljecvQ=="
      },
      "Fable.Browser.Blob": {
        "type": "Transitive",
        "resolved": "1.2.0",
        "contentHash": "bM4zbtIeycTFFCH7o4WuN28W70dTxNTMZiMvR70XUTYrBnbz7GpS5XxzUy5caDB4l7s2l7wiuVDhh52t7NXxDg==",
        "dependencies": {
          "FSharp.Core": "4.7.2",
          "Fable.Core": "3.0.0"
        }
      },
      "Fable.Browser.Dom": {
        "type": "Transitive",
        "resolved": "2.4.4",
        "contentHash": "wFGefU1Idqkwa6kKdvz5oyHL5yP+i+cvTHPeJGlF22fnqOozFurFIuPqGToqpgl9DfyWr7MyNvTiLFOkfXNqnA==",
        "dependencies": {
          "FSharp.Core": "4.7.2",
          "Fable.Browser.Blob": "1.1.4",
          "Fable.Browser.Event": "1.4.4",
          "Fable.Browser.WebStorage": "1.0.4",
          "Fable.Core": "3.0.0"
        }
      },
      "Fable.Browser.Event": {
        "type": "Transitive",
        "resolved": "1.5.0",
        "contentHash": "Bx2AOOASIG1Eq1Pe8869H8baMePte6STmKGccGuOYMT2p6nWVS8G6ZBZb5encQ0tAL2/0vhA4KJOl4bYwUaQqg==",
        "dependencies": {
          "FSharp.Core": "4.7.2",
          "Fable.Browser.Gamepad": "1.1.0",
          "Fable.Core": "3.0.0"
        }
      },
      "Fable.Browser.Gamepad": {
        "type": "Transitive",
        "resolved": "1.1.0",
        "contentHash": "8m/Ae/mrH2Hb2ue435rTPEeVb2FhfWsRJJLpCxMvk+5EUOO2+IIjIkLq4thUfRL98uQVt9V5cQd14h2aBf2XJA==",
        "dependencies": {
          "FSharp.Core": "4.7.2",
          "Fable.Core": "3.0.0"
        }
      },
      "Fable.Browser.WebStorage": {
        "type": "Transitive",
        "resolved": "1.0.4",
        "contentHash": "kxKI1nM4TWIRjp4X0QfdbgdU3p1ite5E/to3/RqotnV5BTmS9Wl+yX38L0S4CTbnU+I6v8aPLYlZ/BKmtxggXQ==",
        "dependencies": {
          "FSharp.Core": "4.7.2",
          "Fable.Browser.Event": "1.4.4",
          "Fable.Core": "3.0.0"
        }
      },
      "Fable.Elmish": {
        "type": "Transitive",
        "resolved": "4.0.0",
        "contentHash": "F7yJFmXWmg0EYfAstxNWdei1SJB+Q83pCxxGlfmLJ7uxIiYd6CbRjaHDBxC0SmHeT1E4kbjHCTFys2HHg90oow==",
        "dependencies": {
          "FSharp.Core": "4.7.2",
          "Fable.Core": "3.7.1"
        }
      },
      "Fable.Promise": {
        "type": "Transitive",
        "resolved": "2.2.2",
        "contentHash": "yHFSo7GCY0l/Wjskh/HESuFoGzXIoRM22UlrARA5ewnX736Y1wM27kcqCWeGcIzaEsgJnZcDkp093M0gQyMcWA==",
        "dependencies": {
          "FSharp.Core": "4.7.2",
          "Fable.Core": "3.1.5"
        }
      },
      "Fable.React.Types": {
        "type": "Transitive",
        "resolved": "18.4.0",
        "contentHash": "XKUBsAycABet6+ZRwIceG3dSuUzgG8SndVIu43uZMNOO+wXAeGS4u2WrRWZOetZ7Q0MlVukPVwN7jfbPRg4j/A==",
        "dependencies": {
          "FSharp.Core": "4.7.2",
          "Fable.Browser.Dom": "2.4.4",
          "Fable.Core": "3.2.7"
        }
      }
    }
  }
}